
Microsoft Visual Studio Solution File, Format Version 12.00
# Visual Studio Version 16
VisualStudioVersion = 16.0.30104.148
MinimumVisualStudioVersion = 10.0.40219.1
Project("{FAE04EC0-301F-11D3-BF4B-00C04F79EFBC}") = "4lab", "4lab\4lab.csproj", "{2214DC87-413E-420C-9F41-6D27895B5869}"
EndProject
Project("{FAE04EC0-301F-11D3-BF4B-00C04F79EFBC}") = "Client", "Client\Client.csproj", "{B4852788-97AD-4921-A75D-FF2869527C70}"
EndProject
Global
	GlobalSection(SolutionConfigurationPlatforms) = preSolution
		Debug|Any CPU = Debug|Any CPU
		Release|Any CPU = Release|Any CPU
	EndGlobalSection
	GlobalSection(ProjectConfigurationPlatforms) = postSolution
		{2214DC87-413E-420C-9F41-6D27895B5869}.Debug|Any CPU.ActiveCfg = Debug|Any CPU
		{2214DC87-413E-420C-9F41-6D27895B5869}.Debug|Any CPU.Build.0 = Debug|Any CPU
		{2214DC87-413E-420C-9F41-6D27895B5869}.Release|Any CPU.ActiveCfg = Release|Any CPU
		{2214DC87-413E-420C-9F41-6D27895B5869}.Release|Any CPU.Build.0 = Release|Any CPU
		{B4852788-97AD-4921-A75D-FF2869527C70}.Debug|Any CPU.ActiveCfg = Debug|Any CPU
		{B4852788-97AD-4921-A75D-FF2869527C70}.Debug|Any CPU.Build.0 = Debug|Any CPU
		{B4852788-97AD-4921-A75D-FF2869527C70}.Release|Any CPU.ActiveCfg = Release|Any CPU
		{B4852788-97AD-4921-A75D-FF2869527C70}.Release|Any CPU.Build.0 = Release|Any CPU
	EndGlobalSection
	GlobalSection(SolutionProperties) = preSolution
		HideSolutionNode = FALSE
	EndGlobalSection
	GlobalSection(ExtensibilityGlobals) = postSolution
		SolutionGuid = {B94424E1-873F-45C9-A7FB-EB9F794A88F4}
	EndGlobalSection
EndGlobal
